// !$*UTF8*$!
{
	archiveVersion = 1;
	classes = {
	};
	objectVersion = 56;
	objects = {

/* Begin PBXBuildFile section */
		BE1B3BDB2C780FD800C0A5E3 /* HexagonParameter.swift in Sources */ = {isa = PBXBuildFile; fileRef = BE1B3BDA2C780FD800C0A5E3 /* HexagonParameter.swift */; };
		BE1B3BDD2C7811DB00C0A5E3 /* BadgeBackground.swift in Sources */ = {isa = PBXBuildFile; fileRef = BE1B3BDC2C7811DB00C0A5E3 /* BadgeBackground.swift */; };
		BE1B3BE02C781CE700C0A5E3 /* BadgeSymbol.swift in Sources */ = {isa = PBXBuildFile; fileRef = BE1B3BDF2C781CE700C0A5E3 /* BadgeSymbol.swift */; };
		BE1B3BE22C781E3100C0A5E3 /* RotatedBadgeSymbol.swift in Sources */ = {isa = PBXBuildFile; fileRef = BE1B3BE12C781E3100C0A5E3 /* RotatedBadgeSymbol.swift */; };
		BE1B3BE42C781F2400C0A5E3 /* Badge.swift in Sources */ = {isa = PBXBuildFile; fileRef = BE1B3BE32C781F2400C0A5E3 /* Badge.swift */; };
		BE88C15F2C76E91400EB05E4 /* EpicSwiftUIApp.swift in Sources */ = {isa = PBXBuildFile; fileRef = BE88C15E2C76E91400EB05E4 /* EpicSwiftUIApp.swift */; };
		BE88C1612C76E91400EB05E4 /* ContentView.swift in Sources */ = {isa = PBXBuildFile; fileRef = BE88C1602C76E91400EB05E4 /* ContentView.swift */; };
		BE88C1632C76E91500EB05E4 /* Assets.xcassets in Resources */ = {isa = PBXBuildFile; fileRef = BE88C1622C76E91500EB05E4 /* Assets.xcassets */; };
		BE88C1662C76E91500EB05E4 /* Preview Assets.xcassets in Resources */ = {isa = PBXBuildFile; fileRef = BE88C1652C76E91500EB05E4 /* Preview Assets.xcassets */; };
		BE88C16D2C770E4000EB05E4 /* CircleImage.swift in Sources */ = {isa = PBXBuildFile; fileRef = BE88C16C2C770E4000EB05E4 /* CircleImage.swift */; };
		BE88C16F2C770F4B00EB05E4 /* MapView.swift in Sources */ = {isa = PBXBuildFile; fileRef = BE88C16E2C770F4B00EB05E4 /* MapView.swift */; };
		BECDC1C92C7712B700BBD7AA /* landmarkData.json in Resources */ = {isa = PBXBuildFile; fileRef = BECDC1C82C7712B700BBD7AA /* landmarkData.json */; };
		BECDC1CC2C77133300BBD7AA /* Landmark.swift in Sources */ = {isa = PBXBuildFile; fileRef = BECDC1CB2C77133300BBD7AA /* Landmark.swift */; };
		BECDC1CE2C7713E800BBD7AA /* ModelData.swift in Sources */ = {isa = PBXBuildFile; fileRef = BECDC1CD2C7713E800BBD7AA /* ModelData.swift */; };
		BECDC1D02C77148200BBD7AA /* LandmarkRow.swift in Sources */ = {isa = PBXBuildFile; fileRef = BECDC1CF2C77148200BBD7AA /* LandmarkRow.swift */; };
		BECDC1D42C7715E400BBD7AA /* LandmarkList.swift in Sources */ = {isa = PBXBuildFile; fileRef = BECDC1D32C7715E400BBD7AA /* LandmarkList.swift */; };
		BECDC1D62C77176400BBD7AA /* LandmarkDetail.swift in Sources */ = {isa = PBXBuildFile; fileRef = BECDC1D52C77176400BBD7AA /* LandmarkDetail.swift */; };
		BECDC1D82C7727D900BBD7AA /* FavoriteButton.swift in Sources */ = {isa = PBXBuildFile; fileRef = BECDC1D72C7727D900BBD7AA /* FavoriteButton.swift */; };
/* End PBXBuildFile section */

/* Begin PBXFileReference section */
		BE1B3BDA2C780FD800C0A5E3 /* HexagonParameter.swift */ = {isa = PBXFileReference; lastKnownFileType = sourcecode.swift; path = HexagonParameter.swift; sourceTree = "<group>"; };
		BE1B3BDC2C7811DB00C0A5E3 /* BadgeBackground.swift */ = {isa = PBXFileReference; lastKnownFileType = sourcecode.swift; path = BadgeBackground.swift; sourceTree = "<group>"; };
		BE1B3BDF2C781CE700C0A5E3 /* BadgeSymbol.swift */ = {isa = PBXFileReference; lastKnownFileType = sourcecode.swift; path = BadgeSymbol.swift; sourceTree = "<group>"; };
		BE1B3BE12C781E3100C0A5E3 /* RotatedBadgeSymbol.swift */ = {isa = PBXFileReference; lastKnownFileType = sourcecode.swift; path = RotatedBadgeSymbol.swift; sourceTree = "<group>"; };
		BE1B3BE32C781F2400C0A5E3 /* Badge.swift */ = {isa = PBXFileReference; lastKnownFileType = sourcecode.swift; path = Badge.swift; sourceTree = "<group>"; };
		BE88C15B2C76E91400EB05E4 /* EpicSwiftUI.app */ = {isa = PBXFileReference; explicitFileType = wrapper.application; includeInIndex = 0; path = EpicSwiftUI.app; sourceTree = BUILT_PRODUCTS_DIR; };
		BE88C15E2C76E91400EB05E4 /* EpicSwiftUIApp.swift */ = {isa = PBXFileReference; lastKnownFileType = sourcecode.swift; path = EpicSwiftUIApp.swift; sourceTree = "<group>"; };
		BE88C1602C76E91400EB05E4 /* ContentView.swift */ = {isa = PBXFileReference; lastKnownFileType = sourcecode.swift; path = ContentView.swift; sourceTree = "<group>"; };
		BE88C1622C76E91500EB05E4 /* Assets.xcassets */ = {isa = PBXFileReference; lastKnownFileType = folder.assetcatalog; path = Assets.xcassets; sourceTree = "<group>"; };
		BE88C1652C76E91500EB05E4 /* Preview Assets.xcassets */ = {isa = PBXFileReference; lastKnownFileType = folder.assetcatalog; path = "Preview Assets.xcassets"; sourceTree = "<group>"; };
		BE88C16C2C770E4000EB05E4 /* CircleImage.swift */ = {isa = PBXFileReference; lastKnownFileType = sourcecode.swift; path = CircleImage.swift; sourceTree = "<group>"; };
		BE88C16E2C770F4B00EB05E4 /* MapView.swift */ = {isa = PBXFileReference; lastKnownFileType = sourcecode.swift; path = MapView.swift; sourceTree = "<group>"; };
		BECDC1C82C7712B700BBD7AA /* landmarkData.json */ = {isa = PBXFileReference; fileEncoding = 4; lastKnownFileType = text.json; path = landmarkData.json; sourceTree = "<group>"; };
		BECDC1CB2C77133300BBD7AA /* Landmark.swift */ = {isa = PBXFileReference; lastKnownFileType = sourcecode.swift; path = Landmark.swift; sourceTree = "<group>"; };
		BECDC1CD2C7713E800BBD7AA /* ModelData.swift */ = {isa = PBXFileReference; lastKnownFileType = sourcecode.swift; path = ModelData.swift; sourceTree = "<group>"; };
		BECDC1CF2C77148200BBD7AA /* LandmarkRow.swift */ = {isa = PBXFileReference; lastKnownFileType = sourcecode.swift; path = LandmarkRow.swift; sourceTree = "<group>"; };
		BECDC1D32C7715E400BBD7AA /* LandmarkList.swift */ = {isa = PBXFileReference; lastKnownFileType = sourcecode.swift; path = LandmarkList.swift; sourceTree = "<group>"; };
		BECDC1D52C77176400BBD7AA /* LandmarkDetail.swift */ = {isa = PBXFileReference; lastKnownFileType = sourcecode.swift; path = LandmarkDetail.swift; sourceTree = "<group>"; };
		BECDC1D72C7727D900BBD7AA /* FavoriteButton.swift */ = {isa = PBXFileReference; lastKnownFileType = sourcecode.swift; path = FavoriteButton.swift; sourceTree = "<group>"; };
/* End PBXFileReference section */

/* Begin PBXFrameworksBuildPhase section */
		BE88C1582C76E91400EB05E4 /* Frameworks */ = {
			isa = PBXFrameworksBuildPhase;
			buildActionMask = 2147483647;
			files = (
			);
			runOnlyForDeploymentPostprocessing = 0;
		};
/* End PBXFrameworksBuildPhase section */

/* Begin PBXGroup section */
		BE1B3BDE2C78121200C0A5E3 /* Badges */ = {
			isa = PBXGroup;
			children = (
				BE1B3BDA2C780FD800C0A5E3 /* HexagonParameter.swift */,
				BE1B3BDC2C7811DB00C0A5E3 /* BadgeBackground.swift */,
				BE1B3BDF2C781CE700C0A5E3 /* BadgeSymbol.swift */,
				BE1B3BE12C781E3100C0A5E3 /* RotatedBadgeSymbol.swift */,
				BE1B3BE32C781F2400C0A5E3 /* Badge.swift */,
			);
			path = Badges;
			sourceTree = "<group>";
		};
		BE88C1522C76E91400EB05E4 = {
			isa = PBXGroup;
			children = (
				BE88C15D2C76E91400EB05E4 /* EpicSwiftUI */,
				BE88C15C2C76E91400EB05E4 /* Products */,
			);
			sourceTree = "<group>";
		};
		BE88C15C2C76E91400EB05E4 /* Products */ = {
			isa = PBXGroup;
			children = (
				BE88C15B2C76E91400EB05E4 /* EpicSwiftUI.app */,
			);
			name = Products;
			sourceTree = "<group>";
		};
		BE88C15D2C76E91400EB05E4 /* EpicSwiftUI */ = {
			isa = PBXGroup;
			children = (
				BECDC1CA2C77131600BBD7AA /* Model */,
				BECDC1C82C7712B700BBD7AA /* landmarkData.json */,
				BE88C1702C770F5700EB05E4 /* View */,
				BE88C1622C76E91500EB05E4 /* Assets.xcassets */,
				BE88C1642C76E91500EB05E4 /* Preview Content */,
			);
			path = EpicSwiftUI;
			sourceTree = "<group>";
		};
		BE88C1642C76E91500EB05E4 /* Preview Content */ = {
			isa = PBXGroup;
			children = (
				BE88C1652C76E91500EB05E4 /* Preview Assets.xcassets */,
			);
			path = "Preview Content";
			sourceTree = "<group>";
		};
		BE88C1702C770F5700EB05E4 /* View */ = {
			isa = PBXGroup;
			children = (
				BE1B3BDE2C78121200C0A5E3 /* Badges */,
				BECDC1DA2C7728A900BBD7AA /* Helper */,
				BECDC1D92C77288D00BBD7AA /* Landmarks */,
				BE88C15E2C76E91400EB05E4 /* EpicSwiftUIApp.swift */,
				BE88C1602C76E91400EB05E4 /* ContentView.swift */,
			);
			path = View;
			sourceTree = "<group>";
		};
		BECDC1CA2C77131600BBD7AA /* Model */ = {
			isa = PBXGroup;
			children = (
				BECDC1CB2C77133300BBD7AA /* Landmark.swift */,
				BECDC1CD2C7713E800BBD7AA /* ModelData.swift */,
			);
			path = Model;
			sourceTree = "<group>";
		};
		BECDC1D92C77288D00BBD7AA /* Landmarks */ = {
			isa = PBXGroup;
			children = (
				BECDC1CF2C77148200BBD7AA /* LandmarkRow.swift */,
				BECDC1D32C7715E400BBD7AA /* LandmarkList.swift */,
				BECDC1D52C77176400BBD7AA /* LandmarkDetail.swift */,
			);
			path = Landmarks;
			sourceTree = "<group>";
		};
		BECDC1DA2C7728A900BBD7AA /* Helper */ = {
			isa = PBXGroup;
			children = (
				BE88C16C2C770E4000EB05E4 /* CircleImage.swift */,
				BE88C16E2C770F4B00EB05E4 /* MapView.swift */,
				BECDC1D72C7727D900BBD7AA /* FavoriteButton.swift */,
			);
			path = Helper;
			sourceTree = "<group>";
		};
/* End PBXGroup section */

/* Begin PBXNativeTarget section */
		BE88C15A2C76E91400EB05E4 /* EpicSwiftUI */ = {
			isa = PBXNativeTarget;
			buildConfigurationList = BE88C1692C76E91500EB05E4 /* Build configuration list for PBXNativeTarget "EpicSwiftUI" */;
			buildPhases = (
				BE88C1572C76E91400EB05E4 /* Sources */,
				BE88C1582C76E91400EB05E4 /* Frameworks */,
				BE88C1592C76E91400EB05E4 /* Resources */,
			);
			buildRules = (
			);
			dependencies = (
			);
			name = EpicSwiftUI;
			productName = EpicSwiftUI;
			productReference = BE88C15B2C76E91400EB05E4 /* EpicSwiftUI.app */;
			productType = "com.apple.product-type.application";
		};
/* End PBXNativeTarget section */

/* Begin PBXProject section */
		BE88C1532C76E91400EB05E4 /* Project object */ = {
			isa = PBXProject;
			attributes = {
				BuildIndependentTargetsInParallel = 1;
				LastSwiftUpdateCheck = 1530;
				LastUpgradeCheck = 1530;
				TargetAttributes = {
					BE88C15A2C76E91400EB05E4 = {
						CreatedOnToolsVersion = 15.3;
					};
				};
			};
			buildConfigurationList = BE88C1562C76E91400EB05E4 /* Build configuration list for PBXProject "EpicSwiftUI" */;
			compatibilityVersion = "Xcode 14.0";
			developmentRegion = en;
			hasScannedForEncodings = 0;
			knownRegions = (
				en,
				Base,
			);
			mainGroup = BE88C1522C76E91400EB05E4;
			productRefGroup = BE88C15C2C76E91400EB05E4 /* Products */;
			projectDirPath = "";
			projectRoot = "";
			targets = (
				BE88C15A2C76E91400EB05E4 /* EpicSwiftUI */,
			);
		};
/* End PBXProject section */

/* Begin PBXResourcesBuildPhase section */
		BE88C1592C76E91400EB05E4 /* Resources */ = {
			isa = PBXResourcesBuildPhase;
			buildActionMask = 2147483647;
			files = (
				BE88C1662C76E91500EB05E4 /* Preview Assets.xcassets in Resources */,
				BE88C1632C76E91500EB05E4 /* Assets.xcassets in Resources */,
				BECDC1C92C7712B700BBD7AA /* landmarkData.json in Resources */,
			);
			runOnlyForDeploymentPostprocessing = 0;
		};
/* End PBXResourcesBuildPhase section */

/* Begin PBXSourcesBuildPhase section */
		BE88C1572C76E91400EB05E4 /* Sources */ = {
			isa = PBXSourcesBuildPhase;
			buildActionMask = 2147483647;
			files = (
				BE88C1612C76E91400EB05E4 /* ContentView.swift in Sources */,
				BE1B3BE42C781F2400C0A5E3 /* Badge.swift in Sources */,
				BE88C16F2C770F4B00EB05E4 /* MapView.swift in Sources */,
				BE88C15F2C76E91400EB05E4 /* EpicSwiftUIApp.swift in Sources */,
				BECDC1D82C7727D900BBD7AA /* FavoriteButton.swift in Sources */,
				BECDC1D42C7715E400BBD7AA /* LandmarkList.swift in Sources */,
				BE1B3BE22C781E3100C0A5E3 /* RotatedBadgeSymbol.swift in Sources */,
				BE1B3BE02C781CE700C0A5E3 /* BadgeSymbol.swift in Sources */,
				BECDC1D62C77176400BBD7AA /* LandmarkDetail.swift in Sources */,
				BE88C16D2C770E4000EB05E4 /* CircleImage.swift in Sources */,
				BE1B3BDD2C7811DB00C0A5E3 /* BadgeBackground.swift in Sources */,
				BECDC1CC2C77133300BBD7AA /* Landmark.swift in Sources */,
				BE1B3BDB2C780FD800C0A5E3 /* HexagonParameter.swift in Sources */,
				BECDC1D02C77148200BBD7AA /* LandmarkRow.swift in Sources */,
				BECDC1CE2C7713E800BBD7AA /* ModelData.swift in Sources */,
			);
			runOnlyForDeploymentPostprocessing = 0;
		};
/* End PBXSourcesBuildPhase section */

/* Begin XCBuildConfiguration section */
		BE88C1672C76E91500EB05E4 /* Debug */ = {
			isa = XCBuildConfiguration;
			buildSettings = {
				ALWAYS_SEARCH_USER_PATHS = NO;
				ASSETCATALOG_COMPILER_GENERATE_SWIFT_ASSET_SYMBOL_EXTENSIONS = YES;
				CLANG_ANALYZER_NONNULL = YES;
				CLANG_ANALYZER_NUMBER_OBJECT_CONVERSION = YES_AGGRESSIVE;
				CLANG_CXX_LANGUAGE_STANDARD = "gnu++20";
				CLANG_ENABLE_MODULES = YES;
				CLANG_ENABLE_OBJC_ARC = YES;
				CLANG_ENABLE_OBJC_WEAK = YES;
				CLANG_WARN_BLOCK_CAPTURE_AUTORELEASING = YES;
				CLANG_WARN_BOOL_CONVERSION = YES;
				CLANG_WARN_COMMA = YES;
				CLANG_WARN_CONSTANT_CONVERSION = YES;
				CLANG_WARN_DEPRECATED_OBJC_IMPLEMENTATIONS = YES;
				CLANG_WARN_DIRECT_OBJC_ISA_USAGE = YES_ERROR;
				CLANG_WARN_DOCUMENTATION_COMMENTS = YES;
				CLANG_WARN_EMPTY_BODY = YES;
				CLANG_WARN_ENUM_CONVERSION = YES;
				CLANG_WARN_INFINITE_RECURSION = YES;
				CLANG_WARN_INT_CONVERSION = YES;
				CLANG_WARN_NON_LITERAL_NULL_CONVERSION = YES;
				CLANG_WARN_OBJC_IMPLICIT_RETAIN_SELF = YES;
				CLANG_WARN_OBJC_LITERAL_CONVERSION = YES;
				CLANG_WARN_OBJC_ROOT_CLASS = YES_ERROR;
				CLANG_WARN_QUOTED_INCLUDE_IN_FRAMEWORK_HEADER = YES;
				CLANG_WARN_RANGE_LOOP_ANALYSIS = YES;
				CLANG_WARN_STRICT_PROTOTYPES = YES;
				CLANG_WARN_SUSPICIOUS_MOVE = YES;
				CLANG_WARN_UNGUARDED_AVAILABILITY = YES_AGGRESSIVE;
				CLANG_WARN_UNREACHABLE_CODE = YES;
				CLANG_WARN__DUPLICATE_METHOD_MATCH = YES;
				COPY_PHASE_STRIP = NO;
				DEBUG_INFORMATION_FORMAT = dwarf;
				ENABLE_STRICT_OBJC_MSGSEND = YES;
				ENABLE_TESTABILITY = YES;
				ENABLE_USER_SCRIPT_SANDBOXING = YES;
				GCC_C_LANGUAGE_STANDARD = gnu17;
				GCC_DYNAMIC_NO_PIC = NO;
				GCC_NO_COMMON_BLOCKS = YES;
				GCC_OPTIMIZATION_LEVEL = 0;
				GCC_PREPROCESSOR_DEFINITIONS = (
					"DEBUG=1",
					"$(inherited)",
				);
				GCC_WARN_64_TO_32_BIT_CONVERSION = YES;
				GCC_WARN_ABOUT_RETURN_TYPE = YES_ERROR;
				GCC_WARN_UNDECLARED_SELECTOR = YES;
				GCC_WARN_UNINITIALIZED_AUTOS = YES_AGGRESSIVE;
				GCC_WARN_UNUSED_FUNCTION = YES;
				GCC_WARN_UNUSED_VARIABLE = YES;
				IPHONEOS_DEPLOYMENT_TARGET = 17.4;
				LOCALIZATION_PREFERS_STRING_CATALOGS = YES;
				MTL_ENABLE_DEBUG_INFO = INCLUDE_SOURCE;
				MTL_FAST_MATH = YES;
				ONLY_ACTIVE_ARCH = YES;
				SDKROOT = iphoneos;
				SWIFT_ACTIVE_COMPILATION_CONDITIONS = "DEBUG $(inherited)";
				SWIFT_OPTIMIZATION_LEVEL = "-Onone";
			};
			name = Debug;
		};
		BE88C1682C76E91500EB05E4 /* Release */ = {
			isa = XCBuildConfiguration;
			buildSettings = {
				ALWAYS_SEARCH_USER_PATHS = NO;
				ASSETCATALOG_COMPILER_GENERATE_SWIFT_ASSET_SYMBOL_EXTENSIONS = YES;
				CLANG_ANALYZER_NONNULL = YES;
				CLANG_ANALYZER_NUMBER_OBJECT_CONVERSION = YES_AGGRESSIVE;
				CLANG_CXX_LANGUAGE_STANDARD = "gnu++20";
				CLANG_ENABLE_MODULES = YES;
				CLANG_ENABLE_OBJC_ARC = YES;
				CLANG_ENABLE_OBJC_WEAK = YES;
				CLANG_WARN_BLOCK_CAPTURE_AUTORELEASING = YES;
				CLANG_WARN_BOOL_CONVERSION = YES;
				CLANG_WARN_COMMA = YES;
				CLANG_WARN_CONSTANT_CONVERSION = YES;
				CLANG_WARN_DEPRECATED_OBJC_IMPLEMENTATIONS = YES;
				CLANG_WARN_DIRECT_OBJC_ISA_USAGE = YES_ERROR;
				CLANG_WARN_DOCUMENTATION_COMMENTS = YES;
				CLANG_WARN_EMPTY_BODY = YES;
				CLANG_WARN_ENUM_CONVERSION = YES;
				CLANG_WARN_INFINITE_RECURSION = YES;
				CLANG_WARN_INT_CONVERSION = YES;
				CLANG_WARN_NON_LITERAL_NULL_CONVERSION = YES;
				CLANG_WARN_OBJC_IMPLICIT_RETAIN_SELF = YES;
				CLANG_WARN_OBJC_LITERAL_CONVERSION = YES;
				CLANG_WARN_OBJC_ROOT_CLASS = YES_ERROR;
				CLANG_WARN_QUOTED_INCLUDE_IN_FRAMEWORK_HEADER = YES;
				CLANG_WARN_RANGE_LOOP_ANALYSIS = YES;
				CLANG_WARN_STRICT_PROTOTYPES = YES;
				CLANG_WARN_SUSPICIOUS_MOVE = YES;
				CLANG_WARN_UNGUARDED_AVAILABILITY = YES_AGGRESSIVE;
				CLANG_WARN_UNREACHABLE_CODE = YES;
				CLANG_WARN__DUPLICATE_METHOD_MATCH = YES;
				COPY_PHASE_STRIP = NO;
				DEBUG_INFORMATION_FORMAT = "dwarf-with-dsym";
				ENABLE_NS_ASSERTIONS = NO;
				ENABLE_STRICT_OBJC_MSGSEND = YES;
				ENABLE_USER_SCRIPT_SANDBOXING = YES;
				GCC_C_LANGUAGE_STANDARD = gnu17;
				GCC_NO_COMMON_BLOCKS = YES;
				GCC_WARN_64_TO_32_BIT_CONVERSION = YES;
				GCC_WARN_ABOUT_RETURN_TYPE = YES_ERROR;
				GCC_WARN_UNDECLARED_SELECTOR = YES;
				GCC_WARN_UNINITIALIZED_AUTOS = YES_AGGRESSIVE;
				GCC_WARN_UNUSED_FUNCTION = YES;
				GCC_WARN_UNUSED_VARIABLE = YES;
				IPHONEOS_DEPLOYMENT_TARGET = 17.4;
				LOCALIZATION_PREFERS_STRING_CATALOGS = YES;
				MTL_ENABLE_DEBUG_INFO = NO;
				MTL_FAST_MATH = YES;
				SDKROOT = iphoneos;
				SWIFT_COMPILATION_MODE = wholemodule;
				VALIDATE_PRODUCT = YES;
			};
			name = Release;
		};
		BE88C16A2C76E91500EB05E4 /* Debug */ = {
			isa = XCBuildConfiguration;
			buildSettings = {
				ASSETCATALOG_COMPILER_APPICON_NAME = AppIcon;
				ASSETCATALOG_COMPILER_GLOBAL_ACCENT_COLOR_NAME = AccentColor;
				CODE_SIGN_STYLE = Automatic;
				CURRENT_PROJECT_VERSION = 1;
				DEVELOPMENT_ASSET_PATHS = "\"EpicSwiftUI/Preview Content\"";
				DEVELOPMENT_TEAM = 8XNPR7ZXBZ;
				ENABLE_PREVIEWS = YES;
				GENERATE_INFOPLIST_FILE = YES;
				INFOPLIST_KEY_UIApplicationSceneManifest_Generation = YES;
				INFOPLIST_KEY_UIApplicationSupportsIndirectInputEvents = YES;
				INFOPLIST_KEY_UILaunchScreen_Generation = YES;
				INFOPLIST_KEY_UISupportedInterfaceOrientations_iPad = "UIInterfaceOrientationPortrait UIInterfaceOrientationPortraitUpsideDown UIInterfaceOrientationLandscapeLeft UIInterfaceOrientationLandscapeRight";
				INFOPLIST_KEY_UISupportedInterfaceOrientations_iPhone = "UIInterfaceOrientationPortrait UIInterfaceOrientationLandscapeLeft UIInterfaceOrientationLandscapeRight";
				LD_RUNPATH_SEARCH_PATHS = (
					"$(inherited)",
					"@executable_path/Frameworks",
				);
				MARKETING_VERSION = 1.0;
				PRODUCT_BUNDLE_IDENTIFIER = com.megatcorleone.EpicSwiftUI;
				PRODUCT_NAME = "$(TARGET_NAME)";
				SWIFT_EMIT_LOC_STRINGS = YES;
				SWIFT_VERSION = 5.0;
				TARGETED_DEVICE_FAMILY = "1,2";
			};
			name = Debug;
		};
		BE88C16B2C76E91500EB05E4 /* Release */ = {
			isa = XCBuildConfiguration;
			buildSettings = {
				ASSETCATALOG_COMPILER_APPICON_NAME = AppIcon;
				ASSETCATALOG_COMPILER_GLOBAL_ACCENT_COLOR_NAME = AccentColor;
				CODE_SIGN_STYLE = Automatic;
				CURRENT_PROJECT_VERSION = 1;
				DEVELOPMENT_ASSET_PATHS = "\"EpicSwiftUI/Preview Content\"";
				DEVELOPMENT_TEAM = 8XNPR7ZXBZ;
				ENABLE_PREVIEWS = YES;
				GENERATE_INFOPLIST_FILE = YES;
				INFOPLIST_KEY_UIApplicationSceneManifest_Generation = YES;
				INFOPLIST_KEY_UIApplicationSupportsIndirectInputEvents = YES;
				INFOPLIST_KEY_UILaunchScreen_Generation = YES;
				INFOPLIST_KEY_UISupportedInterfaceOrientations_iPad = "UIInterfaceOrientationPortrait UIInterfaceOrientationPortraitUpsideDown UIInterfaceOrientationLandscapeLeft UIInterfaceOrientationLandscapeRight";
				INFOPLIST_KEY_UISupportedInterfaceOrientations_iPhone = "UIInterfaceOrientationPortrait UIInterfaceOrientationLandscapeLeft UIInterfaceOrientationLandscapeRight";
				LD_RUNPATH_SEARCH_PATHS = (
					"$(inherited)",
					"@executable_path/Frameworks",
				);
				MARKETING_VERSION = 1.0;
				PRODUCT_BUNDLE_IDENTIFIER = com.megatcorleone.EpicSwiftUI;
				PRODUCT_NAME = "$(TARGET_NAME)";
				SWIFT_EMIT_LOC_STRINGS = YES;
				SWIFT_VERSION = 5.0;
				TARGETED_DEVICE_FAMILY = "1,2";
			};
			name = Release;
		};
/* End XCBuildConfiguration section */

/* Begin XCConfigurationList section */
		BE88C1562C76E91400EB05E4 /* Build configuration list for PBXProject "EpicSwiftUI" */ = {
			isa = XCConfigurationList;
			buildConfigurations = (
				BE88C1672C76E91500EB05E4 /* Debug */,
				BE88C1682C76E91500EB05E4 /* Release */,
			);
			defaultConfigurationIsVisible = 0;
			defaultConfigurationName = Release;
		};
		BE88C1692C76E91500EB05E4 /* Build configuration list for PBXNativeTarget "EpicSwiftUI" */ = {
			isa = XCConfigurationList;
			buildConfigurations = (
				BE88C16A2C76E91500EB05E4 /* Debug */,
				BE88C16B2C76E91500EB05E4 /* Release */,
			);
			defaultConfigurationIsVisible = 0;
			defaultConfigurationName = Release;
		};
/* End XCConfigurationList section */
	};
	rootObject = BE88C1532C76E91400EB05E4 /* Project object */;
}
